
Microsoft Visual Studio Solution File, Format Version 12.00
# Visual Studio Version 17
VisualStudioVersion = 17.3.32819.101
MinimumVisualStudioVersion = 10.0.40219.1
Project("{9A19103F-16F7-4668-BE54-9A1E7A4F7556}") = "Test", "Test\Test.csproj", "{F2A3F915-072D-4C2E-82F1-E65439150D43}"
EndProject
Project("{9A19103F-16F7-4668-BE54-9A1E7A4F7556}") = "Client_Wpf", "Client_Wpf\Client_Wpf.csproj", "{1D0D976A-DA38-4896-96AB-18F4688DDB38}"
EndProject
Project("{9A19103F-16F7-4668-BE54-9A1E7A4F7556}") = "ClientLibrary", "ClientLibrary\ClientLibrary.csproj", "{A5C00352-270B-4BC6-8241-60DE6E4A46C5}"
EndProject
Project("{FAE04EC0-301F-11D3-BF4B-00C04F79EFBC}") = "WebServer", "WebServer\WebServer.csproj", "{A6FA3588-5E45-4BC6-8DFB-10D8D243C996}"
EndProject
Global
	GlobalSection(SolutionConfigurationPlatforms) = preSolution
		Debug|Any CPU = Debug|Any CPU
		Release|Any CPU = Release|Any CPU
	EndGlobalSection
	GlobalSection(ProjectConfigurationPlatforms) = postSolution
		{F2A3F915-072D-4C2E-82F1-E65439150D43}.Debug|Any CPU.ActiveCfg = Debug|Any CPU
		{F2A3F915-072D-4C2E-82F1-E65439150D43}.Debug|Any CPU.Build.0 = Debug|Any CPU
		{F2A3F915-072D-4C2E-82F1-E65439150D43}.Release|Any CPU.ActiveCfg = Release|Any CPU
		{F2A3F915-072D-4C2E-82F1-E65439150D43}.Release|Any CPU.Build.0 = Release|Any CPU
		{1D0D976A-DA38-4896-96AB-18F4688DDB38}.Debug|Any CPU.ActiveCfg = Debug|Any CPU
		{1D0D976A-DA38-4896-96AB-18F4688DDB38}.Debug|Any CPU.Build.0 = Debug|Any CPU
		{1D0D976A-DA38-4896-96AB-18F4688DDB38}.Release|Any CPU.ActiveCfg = Release|Any CPU
		{1D0D976A-DA38-4896-96AB-18F4688DDB38}.Release|Any CPU.Build.0 = Release|Any CPU
		{A5C00352-270B-4BC6-8241-60DE6E4A46C5}.Debug|Any CPU.ActiveCfg = Debug|Any CPU
		{A5C00352-270B-4BC6-8241-60DE6E4A46C5}.Debug|Any CPU.Build.0 = Debug|Any CPU
		{A5C00352-270B-4BC6-8241-60DE6E4A46C5}.Release|Any CPU.ActiveCfg = Release|Any CPU
		{A5C00352-270B-4BC6-8241-60DE6E4A46C5}.Release|Any CPU.Build.0 = Release|Any CPU
		{A6FA3588-5E45-4BC6-8DFB-10D8D243C996}.Debug|Any CPU.ActiveCfg = Debug|Any CPU
		{A6FA3588-5E45-4BC6-8DFB-10D8D243C996}.Debug|Any CPU.Build.0 = Debug|Any CPU
		{A6FA3588-5E45-4BC6-8DFB-10D8D243C996}.Release|Any CPU.ActiveCfg = Release|Any CPU
		{A6FA3588-5E45-4BC6-8DFB-10D8D243C996}.Release|Any CPU.Build.0 = Release|Any CPU
	EndGlobalSection
	GlobalSection(SolutionProperties) = preSolution
		HideSolutionNode = FALSE
	EndGlobalSection
	GlobalSection(ExtensibilityGlobals) = postSolution
		SolutionGuid = {F410195C-CC1F-4F90-8C6B-0C3B106D217B}
	EndGlobalSection
EndGlobal
